
Microsoft Visual Studio Solution File, Format Version 12.00
# Visual Studio Version 17
VisualStudioVersion = 17.7.34031.279
MinimumVisualStudioVersion = 10.0.40219.1
Project("{FAE04EC0-301F-11D3-BF4B-00C04F79EFBC}") = "DecisionTree.DAL", "DecisionTree.DAL.csproj", "{DB46E6B1-6D87-49D4-9949-38164102D629}"
EndProject
Global
	GlobalSection(SolutionConfigurationPlatforms) = preSolution
		Debug|Any CPU = Debug|Any CPU
		Release|Any CPU = Release|Any CPU
	EndGlobalSection
	GlobalSection(ProjectConfigurationPlatforms) = postSolution
		{DB46E6B1-6D87-49D4-9949-38164102D629}.Debug|Any CPU.ActiveCfg = Debug|Any CPU
		{DB46E6B1-6D87-49D4-9949-38164102D629}.Debug|Any CPU.Build.0 = Debug|Any CPU
		{DB46E6B1-6D87-49D4-9949-38164102D629}.Release|Any CPU.ActiveCfg = Release|Any CPU
		{DB46E6B1-6D87-49D4-9949-38164102D629}.Release|Any CPU.Build.0 = Release|Any CPU
	EndGlobalSection
	GlobalSection(SolutionProperties) = preSolution
		HideSolutionNode = FALSE
	EndGlobalSection
	GlobalSection(ExtensibilityGlobals) = postSolution
		SolutionGuid = {4719C9DA-CBCE-45E5-B464-7FFC6E5189D4}
	EndGlobalSection
EndGlobal
